// !$*UTF8*$!
{
	archiveVersion = 1;
	classes = {
	};
	objectVersion = 48;
	objects = {

/* Begin PBXBuildFile section */
		CCC0623A1FD4F45B0074F6A6 /* AppDelegate.swift in Sources */ = {isa = PBXBuildFile; fileRef = CCC062391FD4F45B0074F6A6 /* AppDelegate.swift */; };
		CCC0623C1FD4F45B0074F6A6 /* ViewController.swift in Sources */ = {isa = PBXBuildFile; fileRef = CCC0623B1FD4F45B0074F6A6 /* ViewController.swift */; };
		CCC0623F1FD4F45B0074F6A6 /* Main.storyboard in Resources */ = {isa = PBXBuildFile; fileRef = CCC0623D1FD4F45B0074F6A6 /* Main.storyboard */; };
		CCC062411FD4F45B0074F6A6 /* Assets.xcassets in Resources */ = {isa = PBXBuildFile; fileRef = CCC062401FD4F45B0074F6A6 /* Assets.xcassets */; };
		CCC062441FD4F45B0074F6A6 /* LaunchScreen.storyboard in Resources */ = {isa = PBXBuildFile; fileRef = CCC062421FD4F45B0074F6A6 /* LaunchScreen.storyboard */; };
		CCC0624E1FD4F6CA0074F6A6 /* LoginController.swift in Sources */ = {isa = PBXBuildFile; fileRef = CCC0624C1FD4F6CA0074F6A6 /* LoginController.swift */; };
		CCC0624F1FD4F6CA0074F6A6 /* LoginController.xib in Resources */ = {isa = PBXBuildFile; fileRef = CCC0624D1FD4F6CA0074F6A6 /* LoginController.xib */; };
		CCC062621FD51D990074F6A6 /* User.swift in Sources */ = {isa = PBXBuildFile; fileRef = CCC062611FD51D990074F6A6 /* User.swift */; };
		CCC062641FD51DB80074F6A6 /* Librarian.swift in Sources */ = {isa = PBXBuildFile; fileRef = CCC062631FD51DB80074F6A6 /* Librarian.swift */; };
		CCC062661FD51DC70074F6A6 /* Admin.swift in Sources */ = {isa = PBXBuildFile; fileRef = CCC062651FD51DC70074F6A6 /* Admin.swift */; };
		CCC062681FD51E6C0074F6A6 /* Customer.swift in Sources */ = {isa = PBXBuildFile; fileRef = CCC062671FD51E6C0074F6A6 /* Customer.swift */; };
		CCC0626A1FD51EC80074F6A6 /* Guest.swift in Sources */ = {isa = PBXBuildFile; fileRef = CCC062691FD51EC80074F6A6 /* Guest.swift */; };
		CCC0626C1FD51FF60074F6A6 /* Account.swift in Sources */ = {isa = PBXBuildFile; fileRef = CCC0626B1FD51FF60074F6A6 /* Account.swift */; };
		CCC0626E1FD520DF0074F6A6 /* Book.swift in Sources */ = {isa = PBXBuildFile; fileRef = CCC0626D1FD520DF0074F6A6 /* Book.swift */; };
		CCC062701FD522550074F6A6 /* Card.swift in Sources */ = {isa = PBXBuildFile; fileRef = CCC0626F1FD522550074F6A6 /* Card.swift */; };
		CCC062721FD523170074F6A6 /* AppModel.swift in Sources */ = {isa = PBXBuildFile; fileRef = CCC062711FD523170074F6A6 /* AppModel.swift */; };
		CCC062741FD528C70074F6A6 /* LoginPresenter.swift in Sources */ = {isa = PBXBuildFile; fileRef = CCC062731FD528C70074F6A6 /* LoginPresenter.swift */; };
		CCC0627B1FD52F3F0074F6A6 /* UserCell.swift in Sources */ = {isa = PBXBuildFile; fileRef = CCC062791FD52F3F0074F6A6 /* UserCell.swift */; };
		CCC0627C1FD52F3F0074F6A6 /* UserCell.xib in Resources */ = {isa = PBXBuildFile; fileRef = CCC0627A1FD52F3F0074F6A6 /* UserCell.xib */; };
		CCC0627F1FD52F6C0074F6A6 /* UserManagerController.swift in Sources */ = {isa = PBXBuildFile; fileRef = CCC0627D1FD52F6C0074F6A6 /* UserManagerController.swift */; };
		CCC062801FD52F6C0074F6A6 /* UserManagerController.xib in Resources */ = {isa = PBXBuildFile; fileRef = CCC0627E1FD52F6C0074F6A6 /* UserManagerController.xib */; };
		CCC062821FD531170074F6A6 /* UserManagerPresenter.swift in Sources */ = {isa = PBXBuildFile; fileRef = CCC062811FD531170074F6A6 /* UserManagerPresenter.swift */; };
/* End PBXBuildFile section */

/* Begin PBXFileReference section */
		CCC062361FD4F45B0074F6A6 /* tkxdpm.app */ = {isa = PBXFileReference; explicitFileType = wrapper.application; includeInIndex = 0; path = tkxdpm.app; sourceTree = BUILT_PRODUCTS_DIR; };
		CCC062391FD4F45B0074F6A6 /* AppDelegate.swift */ = {isa = PBXFileReference; lastKnownFileType = sourcecode.swift; path = AppDelegate.swift; sourceTree = "<group>"; };
		CCC0623B1FD4F45B0074F6A6 /* ViewController.swift */ = {isa = PBXFileReference; lastKnownFileType = sourcecode.swift; path = ViewController.swift; sourceTree = "<group>"; };
		CCC0623E1FD4F45B0074F6A6 /* Base */ = {isa = PBXFileReference; lastKnownFileType = file.storyboard; name = Base; path = Base.lproj/Main.storyboard; sourceTree = "<group>"; };
		CCC062401FD4F45B0074F6A6 /* Assets.xcassets */ = {isa = PBXFileReference; lastKnownFileType = folder.assetcatalog; path = Assets.xcassets; sourceTree = "<group>"; };
		CCC062431FD4F45B0074F6A6 /* Base */ = {isa = PBXFileReference; lastKnownFileType = file.storyboard; name = Base; path = Base.lproj/LaunchScreen.storyboard; sourceTree = "<group>"; };
		CCC062451FD4F45B0074F6A6 /* Info.plist */ = {isa = PBXFileReference; lastKnownFileType = text.plist.xml; path = Info.plist; sourceTree = "<group>"; };
		CCC0624C1FD4F6CA0074F6A6 /* LoginController.swift */ = {isa = PBXFileReference; lastKnownFileType = sourcecode.swift; path = LoginController.swift; sourceTree = "<group>"; };
		CCC0624D1FD4F6CA0074F6A6 /* LoginController.xib */ = {isa = PBXFileReference; lastKnownFileType = file.xib; path = LoginController.xib; sourceTree = "<group>"; };
		CCC062611FD51D990074F6A6 /* User.swift */ = {isa = PBXFileReference; lastKnownFileType = sourcecode.swift; path = User.swift; sourceTree = "<group>"; };
		CCC062631FD51DB80074F6A6 /* Librarian.swift */ = {isa = PBXFileReference; lastKnownFileType = sourcecode.swift; path = Librarian.swift; sourceTree = "<group>"; };
		CCC062651FD51DC70074F6A6 /* Admin.swift */ = {isa = PBXFileReference; lastKnownFileType = sourcecode.swift; path = Admin.swift; sourceTree = "<group>"; };
		CCC062671FD51E6C0074F6A6 /* Customer.swift */ = {isa = PBXFileReference; lastKnownFileType = sourcecode.swift; path = Customer.swift; sourceTree = "<group>"; };
		CCC062691FD51EC80074F6A6 /* Guest.swift */ = {isa = PBXFileReference; lastKnownFileType = sourcecode.swift; path = Guest.swift; sourceTree = "<group>"; };
		CCC0626B1FD51FF60074F6A6 /* Account.swift */ = {isa = PBXFileReference; lastKnownFileType = sourcecode.swift; path = Account.swift; sourceTree = "<group>"; };
		CCC0626D1FD520DF0074F6A6 /* Book.swift */ = {isa = PBXFileReference; lastKnownFileType = sourcecode.swift; path = Book.swift; sourceTree = "<group>"; };
		CCC0626F1FD522550074F6A6 /* Card.swift */ = {isa = PBXFileReference; lastKnownFileType = sourcecode.swift; path = Card.swift; sourceTree = "<group>"; };
		CCC062711FD523170074F6A6 /* AppModel.swift */ = {isa = PBXFileReference; lastKnownFileType = sourcecode.swift; path = AppModel.swift; sourceTree = "<group>"; };
		CCC062731FD528C70074F6A6 /* LoginPresenter.swift */ = {isa = PBXFileReference; lastKnownFileType = sourcecode.swift; path = LoginPresenter.swift; sourceTree = "<group>"; };
		CCC062791FD52F3F0074F6A6 /* UserCell.swift */ = {isa = PBXFileReference; lastKnownFileType = sourcecode.swift; path = UserCell.swift; sourceTree = "<group>"; };
		CCC0627A1FD52F3F0074F6A6 /* UserCell.xib */ = {isa = PBXFileReference; lastKnownFileType = file.xib; path = UserCell.xib; sourceTree = "<group>"; };
		CCC0627D1FD52F6C0074F6A6 /* UserManagerController.swift */ = {isa = PBXFileReference; lastKnownFileType = sourcecode.swift; path = UserManagerController.swift; sourceTree = "<group>"; };
		CCC0627E1FD52F6C0074F6A6 /* UserManagerController.xib */ = {isa = PBXFileReference; lastKnownFileType = file.xib; path = UserManagerController.xib; sourceTree = "<group>"; };
		CCC062811FD531170074F6A6 /* UserManagerPresenter.swift */ = {isa = PBXFileReference; lastKnownFileType = sourcecode.swift; path = UserManagerPresenter.swift; sourceTree = "<group>"; };
/* End PBXFileReference section */

/* Begin PBXFrameworksBuildPhase section */
		CCC062331FD4F45B0074F6A6 /* Frameworks */ = {
			isa = PBXFrameworksBuildPhase;
			buildActionMask = 2147483647;
			files = (
			);
			runOnlyForDeploymentPostprocessing = 0;
		};
/* End PBXFrameworksBuildPhase section */

/* Begin PBXGroup section */
		CCC0622D1FD4F45B0074F6A6 = {
			isa = PBXGroup;
			children = (
				CCC062381FD4F45B0074F6A6 /* tkxdpm */,
				CCC062371FD4F45B0074F6A6 /* Products */,
			);
			sourceTree = "<group>";
		};
		CCC062371FD4F45B0074F6A6 /* Products */ = {
			isa = PBXGroup;
			children = (
				CCC062361FD4F45B0074F6A6 /* tkxdpm.app */,
			);
			name = Products;
			sourceTree = "<group>";
		};
		CCC062381FD4F45B0074F6A6 /* tkxdpm */ = {
			isa = PBXGroup;
			children = (
				CCC0624B1FD4F4650074F6A6 /* model */,
				CCC062391FD4F45B0074F6A6 /* AppDelegate.swift */,
				CCC0623B1FD4F45B0074F6A6 /* ViewController.swift */,
				CCC0624C1FD4F6CA0074F6A6 /* LoginController.swift */,
				CCC062731FD528C70074F6A6 /* LoginPresenter.swift */,
				CCC0627D1FD52F6C0074F6A6 /* UserManagerController.swift */,
				CCC0627E1FD52F6C0074F6A6 /* UserManagerController.xib */,
				CCC062811FD531170074F6A6 /* UserManagerPresenter.swift */,
				CCC062791FD52F3F0074F6A6 /* UserCell.swift */,
				CCC0627A1FD52F3F0074F6A6 /* UserCell.xib */,
				CCC0624D1FD4F6CA0074F6A6 /* LoginController.xib */,
				CCC0623D1FD4F45B0074F6A6 /* Main.storyboard */,
				CCC062401FD4F45B0074F6A6 /* Assets.xcassets */,
				CCC062421FD4F45B0074F6A6 /* LaunchScreen.storyboard */,
				CCC062451FD4F45B0074F6A6 /* Info.plist */,
			);
			path = tkxdpm;
			sourceTree = "<group>";
		};
		CCC0624B1FD4F4650074F6A6 /* model */ = {
			isa = PBXGroup;
			children = (
				CCC062611FD51D990074F6A6 /* User.swift */,
				CCC062671FD51E6C0074F6A6 /* Customer.swift */,
				CCC062631FD51DB80074F6A6 /* Librarian.swift */,
				CCC062651FD51DC70074F6A6 /* Admin.swift */,
				CCC062691FD51EC80074F6A6 /* Guest.swift */,
				CCC0626B1FD51FF60074F6A6 /* Account.swift */,
				CCC0626D1FD520DF0074F6A6 /* Book.swift */,
				CCC0626F1FD522550074F6A6 /* Card.swift */,
				CCC062711FD523170074F6A6 /* AppModel.swift */,
			);
			path = model;
			sourceTree = "<group>";
		};
/* End PBXGroup section */

/* Begin PBXNativeTarget section */
		CCC062351FD4F45B0074F6A6 /* tkxdpm */ = {
			isa = PBXNativeTarget;
			buildConfigurationList = CCC062481FD4F45B0074F6A6 /* Build configuration list for PBXNativeTarget "tkxdpm" */;
			buildPhases = (
				CCC062321FD4F45B0074F6A6 /* Sources */,
				CCC062331FD4F45B0074F6A6 /* Frameworks */,
				CCC062341FD4F45B0074F6A6 /* Resources */,
			);
			buildRules = (
			);
			dependencies = (
			);
			name = tkxdpm;
			productName = tkxdpm;
			productReference = CCC062361FD4F45B0074F6A6 /* tkxdpm.app */;
			productType = "com.apple.product-type.application";
		};
/* End PBXNativeTarget section */

/* Begin PBXProject section */
		CCC0622E1FD4F45B0074F6A6 /* Project object */ = {
			isa = PBXProject;
			attributes = {
				LastSwiftUpdateCheck = 0910;
				LastUpgradeCheck = 0910;
				ORGANIZATIONNAME = tuananh;
				TargetAttributes = {
					CCC062351FD4F45B0074F6A6 = {
						CreatedOnToolsVersion = 9.1;
						ProvisioningStyle = Automatic;
					};
				};
			};
			buildConfigurationList = CCC062311FD4F45B0074F6A6 /* Build configuration list for PBXProject "tkxdpm" */;
			compatibilityVersion = "Xcode 8.0";
			developmentRegion = en;
			hasScannedForEncodings = 0;
			knownRegions = (
				en,
				Base,
			);
			mainGroup = CCC0622D1FD4F45B0074F6A6;
			productRefGroup = CCC062371FD4F45B0074F6A6 /* Products */;
			projectDirPath = "";
			projectRoot = "";
			targets = (
				CCC062351FD4F45B0074F6A6 /* tkxdpm */,
			);
		};
/* End PBXProject section */

/* Begin PBXResourcesBuildPhase section */
		CCC062341FD4F45B0074F6A6 /* Resources */ = {
			isa = PBXResourcesBuildPhase;
			buildActionMask = 2147483647;
			files = (
				CCC062441FD4F45B0074F6A6 /* LaunchScreen.storyboard in Resources */,
				CCC0624F1FD4F6CA0074F6A6 /* LoginController.xib in Resources */,
				CCC062801FD52F6C0074F6A6 /* UserManagerController.xib in Resources */,
				CCC062411FD4F45B0074F6A6 /* Assets.xcassets in Resources */,
				CCC0623F1FD4F45B0074F6A6 /* Main.storyboard in Resources */,
				CCC0627C1FD52F3F0074F6A6 /* UserCell.xib in Resources */,
			);
			runOnlyForDeploymentPostprocessing = 0;
		};
/* End PBXResourcesBuildPhase section */

/* Begin PBXSourcesBuildPhase section */
		CCC062321FD4F45B0074F6A6 /* Sources */ = {
			isa = PBXSourcesBuildPhase;
			buildActionMask = 2147483647;
			files = (
				CCC062621FD51D990074F6A6 /* User.swift in Sources */,
				CCC062681FD51E6C0074F6A6 /* Customer.swift in Sources */,
				CCC062661FD51DC70074F6A6 /* Admin.swift in Sources */,
				CCC0623C1FD4F45B0074F6A6 /* ViewController.swift in Sources */,
				CCC0624E1FD4F6CA0074F6A6 /* LoginController.swift in Sources */,
				CCC0626C1FD51FF60074F6A6 /* Account.swift in Sources */,
				CCC0627B1FD52F3F0074F6A6 /* UserCell.swift in Sources */,
				CCC062821FD531170074F6A6 /* UserManagerPresenter.swift in Sources */,
				CCC062641FD51DB80074F6A6 /* Librarian.swift in Sources */,
				CCC0627F1FD52F6C0074F6A6 /* UserManagerController.swift in Sources */,
				CCC062721FD523170074F6A6 /* AppModel.swift in Sources */,
				CCC062741FD528C70074F6A6 /* LoginPresenter.swift in Sources */,
				CCC0626A1FD51EC80074F6A6 /* Guest.swift in Sources */,
				CCC0626E1FD520DF0074F6A6 /* Book.swift in Sources */,
				CCC0623A1FD4F45B0074F6A6 /* AppDelegate.swift in Sources */,
				CCC062701FD522550074F6A6 /* Card.swift in Sources */,
			);
			runOnlyForDeploymentPostprocessing = 0;
		};
/* End PBXSourcesBuildPhase section */

/* Begin PBXVariantGroup section */
		CCC0623D1FD4F45B0074F6A6 /* Main.storyboard */ = {
			isa = PBXVariantGroup;
			children = (
				CCC0623E1FD4F45B0074F6A6 /* Base */,
			);
			name = Main.storyboard;
			sourceTree = "<group>";
		};
		CCC062421FD4F45B0074F6A6 /* LaunchScreen.storyboard */ = {
			isa = PBXVariantGroup;
			children = (
				CCC062431FD4F45B0074F6A6 /* Base */,
			);
			name = LaunchScreen.storyboard;
			sourceTree = "<group>";
		};
/* End PBXVariantGroup section */

/* Begin XCBuildConfiguration section */
		CCC062461FD4F45B0074F6A6 /* Debug */ = {
			isa = XCBuildConfiguration;
			buildSettings = {
				ALWAYS_SEARCH_USER_PATHS = NO;
				CLANG_ANALYZER_NONNULL = YES;
				CLANG_ANALYZER_NUMBER_OBJECT_CONVERSION = YES_AGGRESSIVE;
				CLANG_CXX_LANGUAGE_STANDARD = "gnu++14";
				CLANG_CXX_LIBRARY = "libc++";
				CLANG_ENABLE_MODULES = YES;
				CLANG_ENABLE_OBJC_ARC = YES;
				CLANG_WARN_BLOCK_CAPTURE_AUTORELEASING = YES;
				CLANG_WARN_BOOL_CONVERSION = YES;
				CLANG_WARN_COMMA = YES;
				CLANG_WARN_CONSTANT_CONVERSION = YES;
				CLANG_WARN_DIRECT_OBJC_ISA_USAGE = YES_ERROR;
				CLANG_WARN_DOCUMENTATION_COMMENTS = YES;
				CLANG_WARN_EMPTY_BODY = YES;
				CLANG_WARN_ENUM_CONVERSION = YES;
				CLANG_WARN_INFINITE_RECURSION = YES;
				CLANG_WARN_INT_CONVERSION = YES;
				CLANG_WARN_NON_LITERAL_NULL_CONVERSION = YES;
				CLANG_WARN_OBJC_LITERAL_CONVERSION = YES;
				CLANG_WARN_OBJC_ROOT_CLASS = YES_ERROR;
				CLANG_WARN_RANGE_LOOP_ANALYSIS = YES;
				CLANG_WARN_STRICT_PROTOTYPES = YES;
				CLANG_WARN_SUSPICIOUS_MOVE = YES;
				CLANG_WARN_UNGUARDED_AVAILABILITY = YES_AGGRESSIVE;
				CLANG_WARN_UNREACHABLE_CODE = YES;
				CLANG_WARN__DUPLICATE_METHOD_MATCH = YES;
				CODE_SIGN_IDENTITY = "iPhone Developer";
				COPY_PHASE_STRIP = NO;
				DEBUG_INFORMATION_FORMAT = dwarf;
				ENABLE_STRICT_OBJC_MSGSEND = YES;
				ENABLE_TESTABILITY = YES;
				GCC_C_LANGUAGE_STANDARD = gnu11;
				GCC_DYNAMIC_NO_PIC = NO;
				GCC_NO_COMMON_BLOCKS = YES;
				GCC_OPTIMIZATION_LEVEL = 0;
				GCC_PREPROCESSOR_DEFINITIONS = (
					"DEBUG=1",
					"$(inherited)",
				);
				GCC_WARN_64_TO_32_BIT_CONVERSION = YES;
				GCC_WARN_ABOUT_RETURN_TYPE = YES_ERROR;
				GCC_WARN_UNDECLARED_SELECTOR = YES;
				GCC_WARN_UNINITIALIZED_AUTOS = YES_AGGRESSIVE;
				GCC_WARN_UNUSED_FUNCTION = YES;
				GCC_WARN_UNUSED_VARIABLE = YES;
				IPHONEOS_DEPLOYMENT_TARGET = 11.1;
				MTL_ENABLE_DEBUG_INFO = YES;
				ONLY_ACTIVE_ARCH = YES;
				SDKROOT = iphoneos;
				SWIFT_ACTIVE_COMPILATION_CONDITIONS = DEBUG;
				SWIFT_OPTIMIZATION_LEVEL = "-Onone";
			};
			name = Debug;
		};
		CCC062471FD4F45B0074F6A6 /* Release */ = {
			isa = XCBuildConfiguration;
			buildSettings = {
				ALWAYS_SEARCH_USER_PATHS = NO;
				CLANG_ANALYZER_NONNULL = YES;
				CLANG_ANALYZER_NUMBER_OBJECT_CONVERSION = YES_AGGRESSIVE;
				CLANG_CXX_LANGUAGE_STANDARD = "gnu++14";
				CLANG_CXX_LIBRARY = "libc++";
				CLANG_ENABLE_MODULES = YES;
				CLANG_ENABLE_OBJC_ARC = YES;
				CLANG_WARN_BLOCK_CAPTURE_AUTORELEASING = YES;
				CLANG_WARN_BOOL_CONVERSION = YES;
				CLANG_WARN_COMMA = YES;
				CLANG_WARN_CONSTANT_CONVERSION = YES;
				CLANG_WARN_DIRECT_OBJC_ISA_USAGE = YES_ERROR;
				CLANG_WARN_DOCUMENTATION_COMMENTS = YES;
				CLANG_WARN_EMPTY_BODY = YES;
				CLANG_WARN_ENUM_CONVERSION = YES;
				CLANG_WARN_INFINITE_RECURSION = YES;
				CLANG_WARN_INT_CONVERSION = YES;
				CLANG_WARN_NON_LITERAL_NULL_CONVERSION = YES;
				CLANG_WARN_OBJC_LITERAL_CONVERSION = YES;
				CLANG_WARN_OBJC_ROOT_CLASS = YES_ERROR;
				CLANG_WARN_RANGE_LOOP_ANALYSIS = YES;
				CLANG_WARN_STRICT_PROTOTYPES = YES;
				CLANG_WARN_SUSPICIOUS_MOVE = YES;
				CLANG_WARN_UNGUARDED_AVAILABILITY = YES_AGGRESSIVE;
				CLANG_WARN_UNREACHABLE_CODE = YES;
				CLANG_WARN__DUPLICATE_METHOD_MATCH = YES;
				CODE_SIGN_IDENTITY = "iPhone Developer";
				COPY_PHASE_STRIP = NO;
				DEBUG_INFORMATION_FORMAT = "dwarf-with-dsym";
				ENABLE_NS_ASSERTIONS = NO;
				ENABLE_STRICT_OBJC_MSGSEND = YES;
				GCC_C_LANGUAGE_STANDARD = gnu11;
				GCC_NO_COMMON_BLOCKS = YES;
				GCC_WARN_64_TO_32_BIT_CONVERSION = YES;
				GCC_WARN_ABOUT_RETURN_TYPE = YES_ERROR;
				GCC_WARN_UNDECLARED_SELECTOR = YES;
				GCC_WARN_UNINITIALIZED_AUTOS = YES_AGGRESSIVE;
				GCC_WARN_UNUSED_FUNCTION = YES;
				GCC_WARN_UNUSED_VARIABLE = YES;
				IPHONEOS_DEPLOYMENT_TARGET = 11.1;
				MTL_ENABLE_DEBUG_INFO = NO;
				SDKROOT = iphoneos;
				SWIFT_OPTIMIZATION_LEVEL = "-Owholemodule";
				VALIDATE_PRODUCT = YES;
			};
			name = Release;
		};
		CCC062491FD4F45B0074F6A6 /* Debug */ = {
			isa = XCBuildConfiguration;
			buildSettings = {
				ASSETCATALOG_COMPILER_APPICON_NAME = AppIcon;
				CODE_SIGN_STYLE = Automatic;
				DEVELOPMENT_TEAM = XY29E79Z8X;
				INFOPLIST_FILE = tkxdpm/Info.plist;
				LD_RUNPATH_SEARCH_PATHS = "$(inherited) @executable_path/Frameworks";
				PRODUCT_BUNDLE_IDENTIFIER = club.iosdevelopers.tkxdpm;
				PRODUCT_NAME = "$(TARGET_NAME)";
				SWIFT_VERSION = 4.0;
				TARGETED_DEVICE_FAMILY = "1,2";
			};
			name = Debug;
		};
		CCC0624A1FD4F45B0074F6A6 /* Release */ = {
			isa = XCBuildConfiguration;
			buildSettings = {
				ASSETCATALOG_COMPILER_APPICON_NAME = AppIcon;
				CODE_SIGN_STYLE = Automatic;
				DEVELOPMENT_TEAM = XY29E79Z8X;
				INFOPLIST_FILE = tkxdpm/Info.plist;
				LD_RUNPATH_SEARCH_PATHS = "$(inherited) @executable_path/Frameworks";
				PRODUCT_BUNDLE_IDENTIFIER = club.iosdevelopers.tkxdpm;
				PRODUCT_NAME = "$(TARGET_NAME)";
				SWIFT_VERSION = 4.0;
				TARGETED_DEVICE_FAMILY = "1,2";
			};
			name = Release;
		};
/* End XCBuildConfiguration section */

/* Begin XCConfigurationList section */
		CCC062311FD4F45B0074F6A6 /* Build configuration list for PBXProject "tkxdpm" */ = {
			isa = XCConfigurationList;
			buildConfigurations = (
				CCC062461FD4F45B0074F6A6 /* Debug */,
				CCC062471FD4F45B0074F6A6 /* Release */,
			);
			defaultConfigurationIsVisible = 0;
			defaultConfigurationName = Release;
		};
		CCC062481FD4F45B0074F6A6 /* Build configuration list for PBXNativeTarget "tkxdpm" */ = {
			isa = XCConfigurationList;
			buildConfigurations = (
				CCC062491FD4F45B0074F6A6 /* Debug */,
				CCC0624A1FD4F45B0074F6A6 /* Release */,
			);
			defaultConfigurationIsVisible = 0;
			defaultConfigurationName = Release;
		};
/* End XCConfigurationList section */
	};
	rootObject = CCC0622E1FD4F45B0074F6A6 /* Project object */;
}
